
Microsoft Visual Studio Solution File, Format Version 12.00
# Visual Studio Version 16
VisualStudioVersion = 16.0.29920.165
MinimumVisualStudioVersion = 10.0.40219.1
Project("{FAE04EC0-301F-11D3-BF4B-00C04F79EFBC}") = "Quiz-API", "Quiz-API\Quiz-API.csproj", "{18502F53-C1D1-4CA0-8936-4EB8EE7ECACE}"
EndProject
Global
	GlobalSection(SolutionConfigurationPlatforms) = preSolution
		Debug|Any CPU = Debug|Any CPU
		Release|Any CPU = Release|Any CPU
	EndGlobalSection
	GlobalSection(ProjectConfigurationPlatforms) = postSolution
		{18502F53-C1D1-4CA0-8936-4EB8EE7ECACE}.Debug|Any CPU.ActiveCfg = Debug|Any CPU
		{18502F53-C1D1-4CA0-8936-4EB8EE7ECACE}.Debug|Any CPU.Build.0 = Debug|Any CPU
		{18502F53-C1D1-4CA0-8936-4EB8EE7ECACE}.Release|Any CPU.ActiveCfg = Release|Any CPU
		{18502F53-C1D1-4CA0-8936-4EB8EE7ECACE}.Release|Any CPU.Build.0 = Release|Any CPU
	EndGlobalSection
	GlobalSection(SolutionProperties) = preSolution
		HideSolutionNode = FALSE
	EndGlobalSection
	GlobalSection(ExtensibilityGlobals) = postSolution
		SolutionGuid = {4FE84B26-848A-4C92-B991-259A03B172C9}
	EndGlobalSection
EndGlobal
